// !$*UTF8*$!
{
	archiveVersion = 1;
	classes = {
	};
	objectVersion = 48;
	objects = {

/* Begin PBXBuildFile section */
		1A3C2CE024CD842F03BAAADA /* libPods-Cauction.a in Frameworks */ = {isa = PBXBuildFile; fileRef = 041B512D15B696D505B41869 /* libPods-Cauction.a */; };
		A7CEB8D1EA4F3734831D70F3 /* libPods-CauctionTests.a in Frameworks */ = {isa = PBXBuildFile; fileRef = C4BDB1625107C9C0D59E306F /* libPods-CauctionTests.a */; };
		F802664D1FB3B82600DE022F /* AppDelegate.m in Sources */ = {isa = PBXBuildFile; fileRef = F802664C1FB3B82600DE022F /* AppDelegate.m */; };
		F80266551FB3B82600DE022F /* Assets.xcassets in Resources */ = {isa = PBXBuildFile; fileRef = F80266541FB3B82600DE022F /* Assets.xcassets */; };
		F80266581FB3B82600DE022F /* LaunchScreen.storyboard in Resources */ = {isa = PBXBuildFile; fileRef = F80266561FB3B82600DE022F /* LaunchScreen.storyboard */; };
		F802665B1FB3B82600DE022F /* main.m in Sources */ = {isa = PBXBuildFile; fileRef = F802665A1FB3B82600DE022F /* main.m */; };
		F8936B851FB649E80059ADFC /* CApiClient.m in Sources */ = {isa = PBXBuildFile; fileRef = F8936B841FB649E80059ADFC /* CApiClient.m */; };
		F8936B871FB656790059ADFC /* CApiClientTests.m in Sources */ = {isa = PBXBuildFile; fileRef = F8936B861FB656790059ADFC /* CApiClientTests.m */; };
		F8936B921FB6682F0059ADFC /* CConstants.m in Sources */ = {isa = PBXBuildFile; fileRef = F8936B911FB6682F0059ADFC /* CConstants.m */; };
		F8936B991FB6691A0059ADFC /* NSURL+ApiFormat.m in Sources */ = {isa = PBXBuildFile; fileRef = F8936B981FB6691A0059ADFC /* NSURL+ApiFormat.m */; };
		F8936B9C1FB6703C0059ADFC /* CAuction.m in Sources */ = {isa = PBXBuildFile; fileRef = F8936B9B1FB6703C0059ADFC /* CAuction.m */; };
		F8936B9F1FB694430059ADFC /* CAuctionsViewModel.m in Sources */ = {isa = PBXBuildFile; fileRef = F8936B9E1FB694430059ADFC /* CAuctionsViewModel.m */; };
		F8936BA21FB69C830059ADFC /* CAuctionsViewController.m in Sources */ = {isa = PBXBuildFile; fileRef = F8936BA11FB69C830059ADFC /* CAuctionsViewController.m */; };
		F8936BA41FB708040059ADFC /* CAuctionsViewModelTests.m in Sources */ = {isa = PBXBuildFile; fileRef = F8936BA31FB708040059ADFC /* CAuctionsViewModelTests.m */; };
		F8936BAB1FB727900059ADFC /* CRiskBandFormatter.m in Sources */ = {isa = PBXBuildFile; fileRef = F8936BAA1FB727900059ADFC /* CRiskBandFormatter.m */; };
/* End PBXBuildFile section */

/* Begin PBXContainerItemProxy section */
		F80266611FB3B82600DE022F /* PBXContainerItemProxy */ = {
			isa = PBXContainerItemProxy;
			containerPortal = F80266401FB3B82600DE022F /* Project object */;
			proxyType = 1;
			remoteGlobalIDString = F80266471FB3B82600DE022F;
			remoteInfo = Cauction;
		};
/* End PBXContainerItemProxy section */

/* Begin PBXFileReference section */
		041B512D15B696D505B41869 /* libPods-Cauction.a */ = {isa = PBXFileReference; explicitFileType = archive.ar; includeInIndex = 0; path = "libPods-Cauction.a"; sourceTree = BUILT_PRODUCTS_DIR; };
		52CA8146D068402153FBE410 /* Pods-Cauction.debug.xcconfig */ = {isa = PBXFileReference; includeInIndex = 1; lastKnownFileType = text.xcconfig; name = "Pods-Cauction.debug.xcconfig"; path = "Pods/Target Support Files/Pods-Cauction/Pods-Cauction.debug.xcconfig"; sourceTree = "<group>"; };
		6F25FCC12B29176669FE4913 /* Pods-CauctionTests.release.xcconfig */ = {isa = PBXFileReference; includeInIndex = 1; lastKnownFileType = text.xcconfig; name = "Pods-CauctionTests.release.xcconfig"; path = "Pods/Target Support Files/Pods-CauctionTests/Pods-CauctionTests.release.xcconfig"; sourceTree = "<group>"; };
		958FB9BB4331EBA940007E73 /* Pods-CauctionTests.debug.xcconfig */ = {isa = PBXFileReference; includeInIndex = 1; lastKnownFileType = text.xcconfig; name = "Pods-CauctionTests.debug.xcconfig"; path = "Pods/Target Support Files/Pods-CauctionTests/Pods-CauctionTests.debug.xcconfig"; sourceTree = "<group>"; };
		AE5673C8CED92D9748640E34 /* Pods-Cauction.release.xcconfig */ = {isa = PBXFileReference; includeInIndex = 1; lastKnownFileType = text.xcconfig; name = "Pods-Cauction.release.xcconfig"; path = "Pods/Target Support Files/Pods-Cauction/Pods-Cauction.release.xcconfig"; sourceTree = "<group>"; };
		C4BDB1625107C9C0D59E306F /* libPods-CauctionTests.a */ = {isa = PBXFileReference; explicitFileType = archive.ar; includeInIndex = 0; path = "libPods-CauctionTests.a"; sourceTree = BUILT_PRODUCTS_DIR; };
		F80266481FB3B82600DE022F /* Cauction.app */ = {isa = PBXFileReference; explicitFileType = wrapper.application; includeInIndex = 0; path = Cauction.app; sourceTree = BUILT_PRODUCTS_DIR; };
		F802664B1FB3B82600DE022F /* AppDelegate.h */ = {isa = PBXFileReference; lastKnownFileType = sourcecode.c.h; path = AppDelegate.h; sourceTree = "<group>"; };
		F802664C1FB3B82600DE022F /* AppDelegate.m */ = {isa = PBXFileReference; lastKnownFileType = sourcecode.c.objc; path = AppDelegate.m; sourceTree = "<group>"; };
		F80266541FB3B82600DE022F /* Assets.xcassets */ = {isa = PBXFileReference; lastKnownFileType = folder.assetcatalog; path = Assets.xcassets; sourceTree = "<group>"; };
		F80266571FB3B82600DE022F /* Base */ = {isa = PBXFileReference; lastKnownFileType = file.storyboard; name = Base; path = Base.lproj/LaunchScreen.storyboard; sourceTree = "<group>"; };
		F80266591FB3B82600DE022F /* Info.plist */ = {isa = PBXFileReference; lastKnownFileType = text.plist.xml; path = Info.plist; sourceTree = "<group>"; };
		F802665A1FB3B82600DE022F /* main.m */ = {isa = PBXFileReference; lastKnownFileType = sourcecode.c.objc; path = main.m; sourceTree = "<group>"; };
		F80266601FB3B82600DE022F /* CauctionTests.xctest */ = {isa = PBXFileReference; explicitFileType = wrapper.cfbundle; includeInIndex = 0; path = CauctionTests.xctest; sourceTree = BUILT_PRODUCTS_DIR; };
		F80266661FB3B82600DE022F /* Info.plist */ = {isa = PBXFileReference; lastKnownFileType = text.plist.xml; path = Info.plist; sourceTree = "<group>"; };
		F8936B831FB649E80059ADFC /* CApiClient.h */ = {isa = PBXFileReference; lastKnownFileType = sourcecode.c.h; path = CApiClient.h; sourceTree = "<group>"; };
		F8936B841FB649E80059ADFC /* CApiClient.m */ = {isa = PBXFileReference; lastKnownFileType = sourcecode.c.objc; path = CApiClient.m; sourceTree = "<group>"; };
		F8936B861FB656790059ADFC /* CApiClientTests.m */ = {isa = PBXFileReference; lastKnownFileType = sourcecode.c.objc; path = CApiClientTests.m; sourceTree = "<group>"; };
		F8936B901FB6682F0059ADFC /* CConstants.h */ = {isa = PBXFileReference; lastKnownFileType = sourcecode.c.h; path = CConstants.h; sourceTree = "<group>"; };
		F8936B911FB6682F0059ADFC /* CConstants.m */ = {isa = PBXFileReference; lastKnownFileType = sourcecode.c.objc; path = CConstants.m; sourceTree = "<group>"; };
		F8936B971FB6691A0059ADFC /* NSURL+ApiFormat.h */ = {isa = PBXFileReference; lastKnownFileType = sourcecode.c.h; path = "NSURL+ApiFormat.h"; sourceTree = "<group>"; };
		F8936B981FB6691A0059ADFC /* NSURL+ApiFormat.m */ = {isa = PBXFileReference; lastKnownFileType = sourcecode.c.objc; path = "NSURL+ApiFormat.m"; sourceTree = "<group>"; };
		F8936B9A1FB6703C0059ADFC /* CAuction.h */ = {isa = PBXFileReference; lastKnownFileType = sourcecode.c.h; path = CAuction.h; sourceTree = "<group>"; };
		F8936B9B1FB6703C0059ADFC /* CAuction.m */ = {isa = PBXFileReference; lastKnownFileType = sourcecode.c.objc; path = CAuction.m; sourceTree = "<group>"; };
		F8936B9D1FB694430059ADFC /* CAuctionsViewModel.h */ = {isa = PBXFileReference; lastKnownFileType = sourcecode.c.h; path = CAuctionsViewModel.h; sourceTree = "<group>"; };
		F8936B9E1FB694430059ADFC /* CAuctionsViewModel.m */ = {isa = PBXFileReference; lastKnownFileType = sourcecode.c.objc; path = CAuctionsViewModel.m; sourceTree = "<group>"; };
		F8936BA01FB69C830059ADFC /* CAuctionsViewController.h */ = {isa = PBXFileReference; lastKnownFileType = sourcecode.c.h; path = CAuctionsViewController.h; sourceTree = "<group>"; };
		F8936BA11FB69C830059ADFC /* CAuctionsViewController.m */ = {isa = PBXFileReference; lastKnownFileType = sourcecode.c.objc; path = CAuctionsViewController.m; sourceTree = "<group>"; };
		F8936BA31FB708040059ADFC /* CAuctionsViewModelTests.m */ = {isa = PBXFileReference; lastKnownFileType = sourcecode.c.objc; path = CAuctionsViewModelTests.m; sourceTree = "<group>"; };
		F8936BA91FB727900059ADFC /* CRiskBandFormatter.h */ = {isa = PBXFileReference; lastKnownFileType = sourcecode.c.h; path = CRiskBandFormatter.h; sourceTree = "<group>"; };
		F8936BAA1FB727900059ADFC /* CRiskBandFormatter.m */ = {isa = PBXFileReference; lastKnownFileType = sourcecode.c.objc; path = CRiskBandFormatter.m; sourceTree = "<group>"; };
/* End PBXFileReference section */

/* Begin PBXFrameworksBuildPhase section */
		F80266451FB3B82600DE022F /* Frameworks */ = {
			isa = PBXFrameworksBuildPhase;
			buildActionMask = 2147483647;
			files = (
				1A3C2CE024CD842F03BAAADA /* libPods-Cauction.a in Frameworks */,
			);
			runOnlyForDeploymentPostprocessing = 0;
		};
		F802665D1FB3B82600DE022F /* Frameworks */ = {
			isa = PBXFrameworksBuildPhase;
			buildActionMask = 2147483647;
			files = (
				A7CEB8D1EA4F3734831D70F3 /* libPods-CauctionTests.a in Frameworks */,
			);
			runOnlyForDeploymentPostprocessing = 0;
		};
/* End PBXFrameworksBuildPhase section */

/* Begin PBXGroup section */
		9A27628D9A2978A2CE0CDFC1 /* Pods */ = {
			isa = PBXGroup;
			children = (
				52CA8146D068402153FBE410 /* Pods-Cauction.debug.xcconfig */,
				AE5673C8CED92D9748640E34 /* Pods-Cauction.release.xcconfig */,
				958FB9BB4331EBA940007E73 /* Pods-CauctionTests.debug.xcconfig */,
				6F25FCC12B29176669FE4913 /* Pods-CauctionTests.release.xcconfig */,
			);
			name = Pods;
			sourceTree = "<group>";
		};
		AEC410053D2D5646EAD753D5 /* Frameworks */ = {
			isa = PBXGroup;
			children = (
				041B512D15B696D505B41869 /* libPods-Cauction.a */,
				C4BDB1625107C9C0D59E306F /* libPods-CauctionTests.a */,
			);
			name = Frameworks;
			sourceTree = "<group>";
		};
		F802663F1FB3B82600DE022F = {
			isa = PBXGroup;
			children = (
				F802664A1FB3B82600DE022F /* Cauction */,
				F80266631FB3B82600DE022F /* CauctionTests */,
				F80266491FB3B82600DE022F /* Products */,
				9A27628D9A2978A2CE0CDFC1 /* Pods */,
				AEC410053D2D5646EAD753D5 /* Frameworks */,
			);
			sourceTree = "<group>";
		};
		F80266491FB3B82600DE022F /* Products */ = {
			isa = PBXGroup;
			children = (
				F80266481FB3B82600DE022F /* Cauction.app */,
				F80266601FB3B82600DE022F /* CauctionTests.xctest */,
			);
			name = Products;
			sourceTree = "<group>";
		};
		F802664A1FB3B82600DE022F /* Cauction */ = {
			isa = PBXGroup;
			children = (
				F802664B1FB3B82600DE022F /* AppDelegate.h */,
				F802664C1FB3B82600DE022F /* AppDelegate.m */,
				F8936B931FB668E90059ADFC /* Categories */,
				F8936B901FB6682F0059ADFC /* CConstants.h */,
				F8936B911FB6682F0059ADFC /* CConstants.m */,
				F80266731FB3BAB800DE022F /* Models */,
				F8936B821FB649200059ADFC /* Providers */,
				F802666F1FB3BA4600DE022F /* Resources */,
				F80266701FB3BA8B00DE022F /* Supporting Files */,
				F8936BA81FB7276F0059ADFC /* Utilities */,
				F80266721FB3BAB300DE022F /* ViewModels */,
				F80266711FB3BAAE00DE022F /* Views */,
			);
			path = Cauction;
			sourceTree = "<group>";
		};
		F80266631FB3B82600DE022F /* CauctionTests */ = {
			isa = PBXGroup;
			children = (
				F80266661FB3B82600DE022F /* Info.plist */,
				F8936B861FB656790059ADFC /* CApiClientTests.m */,
				F8936BA31FB708040059ADFC /* CAuctionsViewModelTests.m */,
			);
			path = CauctionTests;
			sourceTree = "<group>";
		};
		F802666F1FB3BA4600DE022F /* Resources */ = {
			isa = PBXGroup;
			children = (
				F80266541FB3B82600DE022F /* Assets.xcassets */,
				F80266561FB3B82600DE022F /* LaunchScreen.storyboard */,
			);
			path = Resources;
			sourceTree = "<group>";
		};
		F80266701FB3BA8B00DE022F /* Supporting Files */ = {
			isa = PBXGroup;
			children = (
				F80266591FB3B82600DE022F /* Info.plist */,
				F802665A1FB3B82600DE022F /* main.m */,
			);
			path = "Supporting Files";
			sourceTree = "<group>";
		};
		F80266711FB3BAAE00DE022F /* Views */ = {
			isa = PBXGroup;
			children = (
				F8936BA01FB69C830059ADFC /* CAuctionsViewController.h */,
				F8936BA11FB69C830059ADFC /* CAuctionsViewController.m */,
			);
			path = Views;
			sourceTree = "<group>";
		};
		F80266721FB3BAB300DE022F /* ViewModels */ = {
			isa = PBXGroup;
			children = (
				F8936B9D1FB694430059ADFC /* CAuctionsViewModel.h */,
				F8936B9E1FB694430059ADFC /* CAuctionsViewModel.m */,
			);
			path = ViewModels;
			sourceTree = "<group>";
		};
		F80266731FB3BAB800DE022F /* Models */ = {
			isa = PBXGroup;
			children = (
				F8936B9A1FB6703C0059ADFC /* CAuction.h */,
				F8936B9B1FB6703C0059ADFC /* CAuction.m */,
			);
			path = Models;
			sourceTree = "<group>";
		};
		F8936B821FB649200059ADFC /* Providers */ = {
			isa = PBXGroup;
			children = (
				F8936B831FB649E80059ADFC /* CApiClient.h */,
				F8936B841FB649E80059ADFC /* CApiClient.m */,
			);
			path = Providers;
			sourceTree = "<group>";
		};
		F8936B931FB668E90059ADFC /* Categories */ = {
			isa = PBXGroup;
			children = (
				F8936B971FB6691A0059ADFC /* NSURL+ApiFormat.h */,
				F8936B981FB6691A0059ADFC /* NSURL+ApiFormat.m */,
			);
			path = Categories;
			sourceTree = "<group>";
		};
		F8936BA81FB7276F0059ADFC /* Utilities */ = {
			isa = PBXGroup;
			children = (
				F8936BA91FB727900059ADFC /* CRiskBandFormatter.h */,
				F8936BAA1FB727900059ADFC /* CRiskBandFormatter.m */,
			);
			path = Utilities;
			sourceTree = "<group>";
		};
/* End PBXGroup section */

/* Begin PBXNativeTarget section */
		F80266471FB3B82600DE022F /* Cauction */ = {
			isa = PBXNativeTarget;
			buildConfigurationList = F80266691FB3B82600DE022F /* Build configuration list for PBXNativeTarget "Cauction" */;
			buildPhases = (
				37FED9F9C1210534AF16D405 /* [CP] Check Pods Manifest.lock */,
				F80266441FB3B82600DE022F /* Sources */,
				F80266451FB3B82600DE022F /* Frameworks */,
				F80266461FB3B82600DE022F /* Resources */,
				793FAECF603BBFF06C3C511B /* [CP] Embed Pods Frameworks */,
				31158792DDB4936CA1940B4A /* [CP] Copy Pods Resources */,
			);
			buildRules = (
			);
			dependencies = (
			);
			name = Cauction;
			productName = Cauction;
			productReference = F80266481FB3B82600DE022F /* Cauction.app */;
			productType = "com.apple.product-type.application";
		};
		F802665F1FB3B82600DE022F /* CauctionTests */ = {
			isa = PBXNativeTarget;
			buildConfigurationList = F802666C1FB3B82600DE022F /* Build configuration list for PBXNativeTarget "CauctionTests" */;
			buildPhases = (
				F8ED43B5FC568C1E26A4853E /* [CP] Check Pods Manifest.lock */,
				F802665C1FB3B82600DE022F /* Sources */,
				F802665D1FB3B82600DE022F /* Frameworks */,
				F802665E1FB3B82600DE022F /* Resources */,
				26D2B40A708229C4D8946A94 /* [CP] Embed Pods Frameworks */,
				A9C9F496E010CC6817A25116 /* [CP] Copy Pods Resources */,
			);
			buildRules = (
			);
			dependencies = (
				F80266621FB3B82600DE022F /* PBXTargetDependency */,
			);
			name = CauctionTests;
			productName = CauctionTests;
			productReference = F80266601FB3B82600DE022F /* CauctionTests.xctest */;
			productType = "com.apple.product-type.bundle.unit-test";
		};
/* End PBXNativeTarget section */

/* Begin PBXProject section */
		F80266401FB3B82600DE022F /* Project object */ = {
			isa = PBXProject;
			attributes = {
				LastUpgradeCheck = 0910;
				ORGANIZATIONNAME = "Stefan Lage";
				TargetAttributes = {
					F80266471FB3B82600DE022F = {
						CreatedOnToolsVersion = 9.1;
						ProvisioningStyle = Automatic;
					};
					F802665F1FB3B82600DE022F = {
						CreatedOnToolsVersion = 9.1;
						ProvisioningStyle = Automatic;
						TestTargetID = F80266471FB3B82600DE022F;
					};
				};
			};
			buildConfigurationList = F80266431FB3B82600DE022F /* Build configuration list for PBXProject "Cauction" */;
			compatibilityVersion = "Xcode 8.0";
			developmentRegion = en;
			hasScannedForEncodings = 0;
			knownRegions = (
				en,
				Base,
			);
			mainGroup = F802663F1FB3B82600DE022F;
			productRefGroup = F80266491FB3B82600DE022F /* Products */;
			projectDirPath = "";
			projectRoot = "";
			targets = (
				F80266471FB3B82600DE022F /* Cauction */,
				F802665F1FB3B82600DE022F /* CauctionTests */,
			);
		};
/* End PBXProject section */

/* Begin PBXResourcesBuildPhase section */
		F80266461FB3B82600DE022F /* Resources */ = {
			isa = PBXResourcesBuildPhase;
			buildActionMask = 2147483647;
			files = (
				F80266581FB3B82600DE022F /* LaunchScreen.storyboard in Resources */,
				F80266551FB3B82600DE022F /* Assets.xcassets in Resources */,
			);
			runOnlyForDeploymentPostprocessing = 0;
		};
		F802665E1FB3B82600DE022F /* Resources */ = {
			isa = PBXResourcesBuildPhase;
			buildActionMask = 2147483647;
			files = (
			);
			runOnlyForDeploymentPostprocessing = 0;
		};
/* End PBXResourcesBuildPhase section */

/* Begin PBXShellScriptBuildPhase section */
		26D2B40A708229C4D8946A94 /* [CP] Embed Pods Frameworks */ = {
			isa = PBXShellScriptBuildPhase;
			buildActionMask = 2147483647;
			files = (
			);
			inputPaths = (
			);
			name = "[CP] Embed Pods Frameworks";
			outputPaths = (
			);
			runOnlyForDeploymentPostprocessing = 0;
			shellPath = /bin/sh;
			shellScript = "\"${SRCROOT}/Pods/Target Support Files/Pods-CauctionTests/Pods-CauctionTests-frameworks.sh\"\n";
			showEnvVarsInLog = 0;
		};
		31158792DDB4936CA1940B4A /* [CP] Copy Pods Resources */ = {
			isa = PBXShellScriptBuildPhase;
			buildActionMask = 2147483647;
			files = (
			);
			inputPaths = (
			);
			name = "[CP] Copy Pods Resources";
			outputPaths = (
			);
			runOnlyForDeploymentPostprocessing = 0;
			shellPath = /bin/sh;
			shellScript = "\"${SRCROOT}/Pods/Target Support Files/Pods-Cauction/Pods-Cauction-resources.sh\"\n";
			showEnvVarsInLog = 0;
		};
		37FED9F9C1210534AF16D405 /* [CP] Check Pods Manifest.lock */ = {
			isa = PBXShellScriptBuildPhase;
			buildActionMask = 2147483647;
			files = (
			);
			inputPaths = (
				"${PODS_PODFILE_DIR_PATH}/Podfile.lock",
				"${PODS_ROOT}/Manifest.lock",
			);
			name = "[CP] Check Pods Manifest.lock";
			outputPaths = (
				"$(DERIVED_FILE_DIR)/Pods-Cauction-checkManifestLockResult.txt",
			);
			runOnlyForDeploymentPostprocessing = 0;
			shellPath = /bin/sh;
			shellScript = "diff \"${PODS_PODFILE_DIR_PATH}/Podfile.lock\" \"${PODS_ROOT}/Manifest.lock\" > /dev/null\nif [ $? != 0 ] ; then\n    # print error to STDERR\n    echo \"error: The sandbox is not in sync with the Podfile.lock. Run 'pod install' or update your CocoaPods installation.\" >&2\n    exit 1\nfi\n# This output is used by Xcode 'outputs' to avoid re-running this script phase.\necho \"SUCCESS\" > \"${SCRIPT_OUTPUT_FILE_0}\"\n";
			showEnvVarsInLog = 0;
		};
		793FAECF603BBFF06C3C511B /* [CP] Embed Pods Frameworks */ = {
			isa = PBXShellScriptBuildPhase;
			buildActionMask = 2147483647;
			files = (
			);
			inputPaths = (
			);
			name = "[CP] Embed Pods Frameworks";
			outputPaths = (
			);
			runOnlyForDeploymentPostprocessing = 0;
			shellPath = /bin/sh;
			shellScript = "\"${SRCROOT}/Pods/Target Support Files/Pods-Cauction/Pods-Cauction-frameworks.sh\"\n";
			showEnvVarsInLog = 0;
		};
		A9C9F496E010CC6817A25116 /* [CP] Copy Pods Resources */ = {
			isa = PBXShellScriptBuildPhase;
			buildActionMask = 2147483647;
			files = (
			);
			inputPaths = (
			);
			name = "[CP] Copy Pods Resources";
			outputPaths = (
			);
			runOnlyForDeploymentPostprocessing = 0;
			shellPath = /bin/sh;
			shellScript = "\"${SRCROOT}/Pods/Target Support Files/Pods-CauctionTests/Pods-CauctionTests-resources.sh\"\n";
			showEnvVarsInLog = 0;
		};
		F8ED43B5FC568C1E26A4853E /* [CP] Check Pods Manifest.lock */ = {
			isa = PBXShellScriptBuildPhase;
			buildActionMask = 2147483647;
			files = (
			);
			inputPaths = (
				"${PODS_PODFILE_DIR_PATH}/Podfile.lock",
				"${PODS_ROOT}/Manifest.lock",
			);
			name = "[CP] Check Pods Manifest.lock";
			outputPaths = (
				"$(DERIVED_FILE_DIR)/Pods-CauctionTests-checkManifestLockResult.txt",
			);
			runOnlyForDeploymentPostprocessing = 0;
			shellPath = /bin/sh;
			shellScript = "diff \"${PODS_PODFILE_DIR_PATH}/Podfile.lock\" \"${PODS_ROOT}/Manifest.lock\" > /dev/null\nif [ $? != 0 ] ; then\n    # print error to STDERR\n    echo \"error: The sandbox is not in sync with the Podfile.lock. Run 'pod install' or update your CocoaPods installation.\" >&2\n    exit 1\nfi\n# This output is used by Xcode 'outputs' to avoid re-running this script phase.\necho \"SUCCESS\" > \"${SCRIPT_OUTPUT_FILE_0}\"\n";
			showEnvVarsInLog = 0;
		};
/* End PBXShellScriptBuildPhase section */

/* Begin PBXSourcesBuildPhase section */
		F80266441FB3B82600DE022F /* Sources */ = {
			isa = PBXSourcesBuildPhase;
			buildActionMask = 2147483647;
			files = (
				F8936B851FB649E80059ADFC /* CApiClient.m in Sources */,
				F802665B1FB3B82600DE022F /* main.m in Sources */,
				F8936B991FB6691A0059ADFC /* NSURL+ApiFormat.m in Sources */,
				F8936BAB1FB727900059ADFC /* CRiskBandFormatter.m in Sources */,
				F8936B9C1FB6703C0059ADFC /* CAuction.m in Sources */,
				F8936BA21FB69C830059ADFC /* CAuctionsViewController.m in Sources */,
				F802664D1FB3B82600DE022F /* AppDelegate.m in Sources */,
				F8936B921FB6682F0059ADFC /* CConstants.m in Sources */,
				F8936B9F1FB694430059ADFC /* CAuctionsViewModel.m in Sources */,
			);
			runOnlyForDeploymentPostprocessing = 0;
		};
		F802665C1FB3B82600DE022F /* Sources */ = {
			isa = PBXSourcesBuildPhase;
			buildActionMask = 2147483647;
			files = (
				F8936BA41FB708040059ADFC /* CAuctionsViewModelTests.m in Sources */,
				F8936B871FB656790059ADFC /* CApiClientTests.m in Sources */,
			);
			runOnlyForDeploymentPostprocessing = 0;
		};
/* End PBXSourcesBuildPhase section */

/* Begin PBXTargetDependency section */
		F80266621FB3B82600DE022F /* PBXTargetDependency */ = {
			isa = PBXTargetDependency;
			target = F80266471FB3B82600DE022F /* Cauction */;
			targetProxy = F80266611FB3B82600DE022F /* PBXContainerItemProxy */;
		};
/* End PBXTargetDependency section */

/* Begin PBXVariantGroup section */
		F80266561FB3B82600DE022F /* LaunchScreen.storyboard */ = {
			isa = PBXVariantGroup;
			children = (
				F80266571FB3B82600DE022F /* Base */,
			);
			name = LaunchScreen.storyboard;
			sourceTree = "<group>";
		};
/* End PBXVariantGroup section */

/* Begin XCBuildConfiguration section */
		F80266671FB3B82600DE022F /* Debug */ = {
			isa = XCBuildConfiguration;
			buildSettings = {
				ALWAYS_SEARCH_USER_PATHS = NO;
				CLANG_ANALYZER_NONNULL = YES;
				CLANG_ANALYZER_NUMBER_OBJECT_CONVERSION = YES_AGGRESSIVE;
				CLANG_CXX_LANGUAGE_STANDARD = "gnu++14";
				CLANG_CXX_LIBRARY = "libc++";
				CLANG_ENABLE_MODULES = YES;
				CLANG_ENABLE_OBJC_ARC = YES;
				CLANG_WARN_BLOCK_CAPTURE_AUTORELEASING = YES;
				CLANG_WARN_BOOL_CONVERSION = YES;
				CLANG_WARN_COMMA = YES;
				CLANG_WARN_CONSTANT_CONVERSION = YES;
				CLANG_WARN_DIRECT_OBJC_ISA_USAGE = YES_ERROR;
				CLANG_WARN_DOCUMENTATION_COMMENTS = YES;
				CLANG_WARN_EMPTY_BODY = YES;
				CLANG_WARN_ENUM_CONVERSION = YES;
				CLANG_WARN_INFINITE_RECURSION = YES;
				CLANG_WARN_INT_CONVERSION = YES;
				CLANG_WARN_NON_LITERAL_NULL_CONVERSION = YES;
				CLANG_WARN_OBJC_LITERAL_CONVERSION = YES;
				CLANG_WARN_OBJC_ROOT_CLASS = YES_ERROR;
				CLANG_WARN_RANGE_LOOP_ANALYSIS = YES;
				CLANG_WARN_STRICT_PROTOTYPES = YES;
				CLANG_WARN_SUSPICIOUS_MOVE = YES;
				CLANG_WARN_UNGUARDED_AVAILABILITY = YES_AGGRESSIVE;
				CLANG_WARN_UNREACHABLE_CODE = YES;
				CLANG_WARN__DUPLICATE_METHOD_MATCH = YES;
				CODE_SIGN_IDENTITY = "iPhone Developer";
				COPY_PHASE_STRIP = NO;
				DEBUG_INFORMATION_FORMAT = dwarf;
				ENABLE_STRICT_OBJC_MSGSEND = YES;
				ENABLE_TESTABILITY = YES;
				GCC_C_LANGUAGE_STANDARD = gnu11;
				GCC_DYNAMIC_NO_PIC = NO;
				GCC_NO_COMMON_BLOCKS = YES;
				GCC_OPTIMIZATION_LEVEL = 0;
				GCC_PREPROCESSOR_DEFINITIONS = (
					"DEBUG=1",
					"$(inherited)",
				);
				GCC_WARN_64_TO_32_BIT_CONVERSION = YES;
				GCC_WARN_ABOUT_RETURN_TYPE = YES_ERROR;
				GCC_WARN_UNDECLARED_SELECTOR = YES;
				GCC_WARN_UNINITIALIZED_AUTOS = YES_AGGRESSIVE;
				GCC_WARN_UNUSED_FUNCTION = YES;
				GCC_WARN_UNUSED_VARIABLE = YES;
				IPHONEOS_DEPLOYMENT_TARGET = 11.1;
				MTL_ENABLE_DEBUG_INFO = YES;
				ONLY_ACTIVE_ARCH = YES;
				SDKROOT = iphoneos;
			};
			name = Debug;
		};
		F80266681FB3B82600DE022F /* Release */ = {
			isa = XCBuildConfiguration;
			buildSettings = {
				ALWAYS_SEARCH_USER_PATHS = NO;
				CLANG_ANALYZER_NONNULL = YES;
				CLANG_ANALYZER_NUMBER_OBJECT_CONVERSION = YES_AGGRESSIVE;
				CLANG_CXX_LANGUAGE_STANDARD = "gnu++14";
				CLANG_CXX_LIBRARY = "libc++";
				CLANG_ENABLE_MODULES = YES;
				CLANG_ENABLE_OBJC_ARC = YES;
				CLANG_WARN_BLOCK_CAPTURE_AUTORELEASING = YES;
				CLANG_WARN_BOOL_CONVERSION = YES;
				CLANG_WARN_COMMA = YES;
				CLANG_WARN_CONSTANT_CONVERSION = YES;
				CLANG_WARN_DIRECT_OBJC_ISA_USAGE = YES_ERROR;
				CLANG_WARN_DOCUMENTATION_COMMENTS = YES;
				CLANG_WARN_EMPTY_BODY = YES;
				CLANG_WARN_ENUM_CONVERSION = YES;
				CLANG_WARN_INFINITE_RECURSION = YES;
				CLANG_WARN_INT_CONVERSION = YES;
				CLANG_WARN_NON_LITERAL_NULL_CONVERSION = YES;
				CLANG_WARN_OBJC_LITERAL_CONVERSION = YES;
				CLANG_WARN_OBJC_ROOT_CLASS = YES_ERROR;
				CLANG_WARN_RANGE_LOOP_ANALYSIS = YES;
				CLANG_WARN_STRICT_PROTOTYPES = YES;
				CLANG_WARN_SUSPICIOUS_MOVE = YES;
				CLANG_WARN_UNGUARDED_AVAILABILITY = YES_AGGRESSIVE;
				CLANG_WARN_UNREACHABLE_CODE = YES;
				CLANG_WARN__DUPLICATE_METHOD_MATCH = YES;
				CODE_SIGN_IDENTITY = "iPhone Developer";
				COPY_PHASE_STRIP = NO;
				DEBUG_INFORMATION_FORMAT = "dwarf-with-dsym";
				ENABLE_NS_ASSERTIONS = NO;
				ENABLE_STRICT_OBJC_MSGSEND = YES;
				GCC_C_LANGUAGE_STANDARD = gnu11;
				GCC_NO_COMMON_BLOCKS = YES;
				GCC_WARN_64_TO_32_BIT_CONVERSION = YES;
				GCC_WARN_ABOUT_RETURN_TYPE = YES_ERROR;
				GCC_WARN_UNDECLARED_SELECTOR = YES;
				GCC_WARN_UNINITIALIZED_AUTOS = YES_AGGRESSIVE;
				GCC_WARN_UNUSED_FUNCTION = YES;
				GCC_WARN_UNUSED_VARIABLE = YES;
				IPHONEOS_DEPLOYMENT_TARGET = 11.1;
				MTL_ENABLE_DEBUG_INFO = NO;
				SDKROOT = iphoneos;
				VALIDATE_PRODUCT = YES;
			};
			name = Release;
		};
		F802666A1FB3B82600DE022F /* Debug */ = {
			isa = XCBuildConfiguration;
			baseConfigurationReference = 52CA8146D068402153FBE410 /* Pods-Cauction.debug.xcconfig */;
			buildSettings = {
				ASSETCATALOG_COMPILER_APPICON_NAME = AppIcon;
				CODE_SIGN_STYLE = Automatic;
				DEVELOPMENT_TEAM = 3XG2NZNAV2;
				INFOPLIST_FILE = "Cauction/Supporting Files/Info.plist";
				IPHONEOS_DEPLOYMENT_TARGET = 9.0;
				LD_RUNPATH_SEARCH_PATHS = "$(inherited) @executable_path/Frameworks";
				PRODUCT_BUNDLE_IDENTIFIER = com.stefanlage.Cauction;
				PRODUCT_NAME = "$(TARGET_NAME)";
				TARGETED_DEVICE_FAMILY = "1,2";
			};
			name = Debug;
		};
		F802666B1FB3B82600DE022F /* Release */ = {
			isa = XCBuildConfiguration;
			baseConfigurationReference = AE5673C8CED92D9748640E34 /* Pods-Cauction.release.xcconfig */;
			buildSettings = {
				ASSETCATALOG_COMPILER_APPICON_NAME = AppIcon;
				CODE_SIGN_STYLE = Automatic;
				DEVELOPMENT_TEAM = 3XG2NZNAV2;
				INFOPLIST_FILE = "Cauction/Supporting Files/Info.plist";
				IPHONEOS_DEPLOYMENT_TARGET = 9.0;
				LD_RUNPATH_SEARCH_PATHS = "$(inherited) @executable_path/Frameworks";
				PRODUCT_BUNDLE_IDENTIFIER = com.stefanlage.Cauction;
				PRODUCT_NAME = "$(TARGET_NAME)";
				TARGETED_DEVICE_FAMILY = "1,2";
			};
			name = Release;
		};
		F802666D1FB3B82600DE022F /* Debug */ = {
			isa = XCBuildConfiguration;
			baseConfigurationReference = 958FB9BB4331EBA940007E73 /* Pods-CauctionTests.debug.xcconfig */;
			buildSettings = {
				BUNDLE_LOADER = "$(TEST_HOST)";
				CODE_SIGN_STYLE = Automatic;
				DEVELOPMENT_TEAM = 3XG2NZNAV2;
				INFOPLIST_FILE = CauctionTests/Info.plist;
				LD_RUNPATH_SEARCH_PATHS = "$(inherited) @executable_path/Frameworks @loader_path/Frameworks";
				PRODUCT_BUNDLE_IDENTIFIER = com.stefanlage.CauctionTests;
				PRODUCT_NAME = "$(TARGET_NAME)";
				TARGETED_DEVICE_FAMILY = "1,2";
				TEST_HOST = "$(BUILT_PRODUCTS_DIR)/Cauction.app/Cauction";
			};
			name = Debug;
		};
		F802666E1FB3B82600DE022F /* Release */ = {
			isa = XCBuildConfiguration;
			baseConfigurationReference = 6F25FCC12B29176669FE4913 /* Pods-CauctionTests.release.xcconfig */;
			buildSettings = {
				BUNDLE_LOADER = "$(TEST_HOST)";
				CODE_SIGN_STYLE = Automatic;
				DEVELOPMENT_TEAM = 3XG2NZNAV2;
				INFOPLIST_FILE = CauctionTests/Info.plist;
				LD_RUNPATH_SEARCH_PATHS = "$(inherited) @executable_path/Frameworks @loader_path/Frameworks";
				PRODUCT_BUNDLE_IDENTIFIER = com.stefanlage.CauctionTests;
				PRODUCT_NAME = "$(TARGET_NAME)";
				TARGETED_DEVICE_FAMILY = "1,2";
				TEST_HOST = "$(BUILT_PRODUCTS_DIR)/Cauction.app/Cauction";
			};
			name = Release;
		};
/* End XCBuildConfiguration section */

/* Begin XCConfigurationList section */
		F80266431FB3B82600DE022F /* Build configuration list for PBXProject "Cauction" */ = {
			isa = XCConfigurationList;
			buildConfigurations = (
				F80266671FB3B82600DE022F /* Debug */,
				F80266681FB3B82600DE022F /* Release */,
			);
			defaultConfigurationIsVisible = 0;
			defaultConfigurationName = Release;
		};
		F80266691FB3B82600DE022F /* Build configuration list for PBXNativeTarget "Cauction" */ = {
			isa = XCConfigurationList;
			buildConfigurations = (
				F802666A1FB3B82600DE022F /* Debug */,
				F802666B1FB3B82600DE022F /* Release */,
			);
			defaultConfigurationIsVisible = 0;
			defaultConfigurationName = Release;
		};
		F802666C1FB3B82600DE022F /* Build configuration list for PBXNativeTarget "CauctionTests" */ = {
			isa = XCConfigurationList;
			buildConfigurations = (
				F802666D1FB3B82600DE022F /* Debug */,
				F802666E1FB3B82600DE022F /* Release */,
			);
			defaultConfigurationIsVisible = 0;
			defaultConfigurationName = Release;
		};
/* End XCConfigurationList section */
	};
	rootObject = F80266401FB3B82600DE022F /* Project object */;
}
